
Microsoft Visual Studio Solution File, Format Version 12.00
# Visual Studio Version 16
VisualStudioVersion = 16.0.31112.23
MinimumVisualStudioVersion = 10.0.40219.1
Project("{FAE04EC0-301F-11D3-BF4B-00C04F79EFBC}") = "proiect3", "proiect3\proiect3.csproj", "{45FF6D99-9072-4D91-9A76-CF95ED284EF1}"
EndProject
Global
	GlobalSection(SolutionConfigurationPlatforms) = preSolution
		Debug|Any CPU = Debug|Any CPU
		Release|Any CPU = Release|Any CPU
	EndGlobalSection
	GlobalSection(ProjectConfigurationPlatforms) = postSolution
		{45FF6D99-9072-4D91-9A76-CF95ED284EF1}.Debug|Any CPU.ActiveCfg = Debug|Any CPU
		{45FF6D99-9072-4D91-9A76-CF95ED284EF1}.Debug|Any CPU.Build.0 = Debug|Any CPU
		{45FF6D99-9072-4D91-9A76-CF95ED284EF1}.Release|Any CPU.ActiveCfg = Release|Any CPU
		{45FF6D99-9072-4D91-9A76-CF95ED284EF1}.Release|Any CPU.Build.0 = Release|Any CPU
	EndGlobalSection
	GlobalSection(SolutionProperties) = preSolution
		HideSolutionNode = FALSE
	EndGlobalSection
	GlobalSection(ExtensibilityGlobals) = postSolution
		SolutionGuid = {4277029A-4D28-4A0F-A877-1AC825DB25B8}
	EndGlobalSection
EndGlobal
